<?xml version="1.0" encoding="utf-8"?>
<Project ToolsVersion="4.0" xmlns="http://schemas.microsoft.com/developer/msbuild/2003">
  <ItemGroup>
    <Filter Include="src">
      <UniqueIdentifier>{80d0a5a9-6779-4863-bede-cc22a4986dc5}</UniqueIdentifier>
    </Filter>
    <Filter Include="Lib">
      <UniqueIdentifier>{da371b7a-88e2-4d08-8d17-16ba831697f8}</UniqueIdentifier>
    </Filter>
    <Filter Include="Lib\YskLib">
      <UniqueIdentifier>{a2a64b8f-ed93-4a90-b913-ddadd0f76d66}</UniqueIdentifier>
    </Filter>
    <Filter Include="src\Shader">
      <UniqueIdentifier>{70fddce1-7d60-432d-9399-031819063808}</UniqueIdentifier>
    </Filter>
    <Filter Include="src\Input">
      <UniqueIdentifier>{bb8c1c0c-ef95-40b6-a242-dac580a57141}</UniqueIdentifier>
    </Filter>
    <Filter Include="Lib\YskLib\Math">
      <UniqueIdentifier>{89d25199-f07b-47f6-9b39-7105ba8e3891}</UniqueIdentifier>
    </Filter>
    <Filter Include="Lib\YskLib\Debug">
      <UniqueIdentifier>{abc6a153-fb66-4f00-9834-a27feec29019}</UniqueIdentifier>
    </Filter>
    <Filter Include="Lib\YskLib\Graphic">
      <UniqueIdentifier>{d2474c88-33bb-40fa-af0a-a85efed2b0ff}</UniqueIdentifier>
    </Filter>
    <Filter Include="Lib\YskLib\Graphic\Model">
      <UniqueIdentifier>{b03a3d7b-c3ee-4d82-9118-58dee53a7d67}</UniqueIdentifier>
    </Filter>
    <Filter Include="Shader">
      <UniqueIdentifier>{187bbd3b-c64b-4431-b60b-e51bdd534421}</UniqueIdentifier>
    </Filter>
    <Filter Include="Lib\YskLib\Physics">
      <UniqueIdentifier>{eeff10c9-8ab7-47d7-9e98-272a3a16496e}</UniqueIdentifier>
    </Filter>
    <Filter Include="Lib\YskLib\Sound">
      <UniqueIdentifier>{5a9fc501-febb-4181-aa90-606f245d3013}</UniqueIdentifier>
    </Filter>
    <Filter Include="Shader\Sample">
      <UniqueIdentifier>{4937172a-a9f9-4cce-be29-95abffbd4095}</UniqueIdentifier>
    </Filter>
    <Filter Include="Lib\YskLib\Graphic\Model\Mesh">
      <UniqueIdentifier>{329caedf-2735-4dde-8806-f0c559e6d205}</UniqueIdentifier>
    </Filter>
    <Filter Include="src\GameResource">
      <UniqueIdentifier>{e0c227b0-7331-49ce-bf96-8305a24a3042}</UniqueIdentifier>
    </Filter>
    <Filter Include="Lib\YskLib\ResourceManage">
      <UniqueIdentifier>{a09d8329-f18e-48f8-84b2-d8a6e430e9f7}</UniqueIdentifier>
    </Filter>
    <Filter Include="Lib\YskLib\Animation">
      <UniqueIdentifier>{5942b24f-3f80-44d4-a257-ec99778725c4}</UniqueIdentifier>
    </Filter>
    <Filter Include="Lib\YskLib\Utility">
      <UniqueIdentifier>{dcb43fd2-b905-42a6-b5ef-191dcf0e96e7}</UniqueIdentifier>
    </Filter>
    <Filter Include="Lib\YskLib\Collision">
      <UniqueIdentifier>{183fe776-0204-4e88-8fa2-017dc98b9243}</UniqueIdentifier>
    </Filter>
    <Filter Include="Lib\YskLib\Graphic\Model\Mesh\Loader">
      <UniqueIdentifier>{8e48d945-1389-4b46-bdd0-fac0e01c6844}</UniqueIdentifier>
    </Filter>
    <Filter Include="Lib\YskLib\Shader">
      <UniqueIdentifier>{1de576d6-679d-49c4-88ae-74dfa60230a0}</UniqueIdentifier>
    </Filter>
    <Filter Include="src\Data">
      <UniqueIdentifier>{217ed684-1b4d-419d-9b95-e56e5917e8fb}</UniqueIdentifier>
    </Filter>
    <Filter Include="src\Game">
      <UniqueIdentifier>{2de0d5e1-ec88-43b2-87f4-f6d69522b85b}</UniqueIdentifier>
    </Filter>
    <Filter Include="src\Game\GameWorld">
      <UniqueIdentifier>{51fb9cdb-5856-4833-891b-9200a4c3a6a9}</UniqueIdentifier>
    </Filter>
    <Filter Include="src\Game\GameWorld\Base">
      <UniqueIdentifier>{fb0c65b1-faad-4b81-aba5-b723decb24c3}</UniqueIdentifier>
    </Filter>
    <Filter Include="src\Game\Scene">
      <UniqueIdentifier>{ebca8dcf-fa8d-4e65-8f6f-91b528c9fac9}</UniqueIdentifier>
    </Filter>
    <Filter Include="src\Game\Scene\GameScene">
      <UniqueIdentifier>{b1c878b7-86dd-4ac5-9ab0-05efd067e3b5}</UniqueIdentifier>
    </Filter>
    <Filter Include="src\Game\Scene\SampleScene">
      <UniqueIdentifier>{de9ca5cf-5ce8-437d-ab2d-0f6a29a366b6}</UniqueIdentifier>
    </Filter>
    <Filter Include="src\Game\Scene\TitleScene">
      <UniqueIdentifier>{4d3b5f12-24e0-48e6-ab3d-9895921e39f1}</UniqueIdentifier>
    </Filter>
    <Filter Include="src\Game\Task">
      <UniqueIdentifier>{3ff9464c-4d4e-48e7-8e50-ad9d1e562153}</UniqueIdentifier>
    </Filter>
    <Filter Include="src\Game\GameWorld\Base\ObjectBase">
      <UniqueIdentifier>{25dafca2-3988-46e3-8f98-747a68e37894}</UniqueIdentifier>
    </Filter>
    <Filter Include="src\Game\GameWorld\Base\ObjectBase\Character">
      <UniqueIdentifier>{2607a9d4-cd73-42d1-88e6-08fe80fc00f8}</UniqueIdentifier>
    </Filter>
    <Filter Include="src\Game\GameWorld\Base\ObjectBase\Object">
      <UniqueIdentifier>{7aa0bef0-c124-4b44-86dd-a5cb1aa71b84}</UniqueIdentifier>
    </Filter>
    <Filter Include="src\Game\GameWorld\Base\ObjectBase\Object\Ground">
      <UniqueIdentifier>{5eed6dd0-d117-4bbd-a91d-8d066e9ffa52}</UniqueIdentifier>
    </Filter>
    <Filter Include="src\Game\GameWorld\Base\ObjectBase\Character\Player">
      <UniqueIdentifier>{f1380b3f-0c17-47d5-9b50-68ba8398852d}</UniqueIdentifier>
    </Filter>
    <Filter Include="src\Game\GameWorld\Base\ObjectBase\Object\BeltConveyor">
      <UniqueIdentifier>{e6a7af63-4313-492b-91d5-3a13ba5b4d05}</UniqueIdentifier>
    </Filter>
    <Filter Include="src\Game\GameWorld\Base\ObjectBase\Object\Arm">
      <UniqueIdentifier>{0bcbfcba-9d8b-415c-b783-9704855c9dc8}</UniqueIdentifier>
    </Filter>
    <Filter Include="src\Game\GameWorld\Base\ObjectBase\Object\Cannon">
      <UniqueIdentifier>{41d0e159-fcee-4060-96ca-238e9cf7783d}</UniqueIdentifier>
    </Filter>
    <Filter Include="src\Game\GameWorld\Base\ObjectBase\Object\Flamethrower">
      <UniqueIdentifier>{7b5c2562-4e22-4dda-b13c-c56a5eee4537}</UniqueIdentifier>
    </Filter>
    <Filter Include="src\Game\GameWorld\Base\ObjectBase\Object\Press">
      <UniqueIdentifier>{3c8b2ad8-92f7-4bcf-9a1f-779e4468d00d}</UniqueIdentifier>
    </Filter>
    <Filter Include="src\Game\GameWorld\Base\ObjectBase\Object\Sling">
      <UniqueIdentifier>{bc231554-43d3-4da9-8edf-1b0e219b8fc4}</UniqueIdentifier>
    </Filter>
    <Filter Include="src\Game\GameWorld\Base\ObjectBase\Object\Stronghold">
      <UniqueIdentifier>{e35002d0-d06b-443d-b635-e07e53e34542}</UniqueIdentifier>
    </Filter>
    <Filter Include="src\Game\GameWorld\Base\ObjectBase\Object\Wall">
      <UniqueIdentifier>{3e34d66b-4241-47ef-856a-e86eced88674}</UniqueIdentifier>
    </Filter>
    <Filter Include="src\Game\Edit">
      <UniqueIdentifier>{605b67bc-47f9-4e3e-b45d-08a634521709}</UniqueIdentifier>
    </Filter>
    <Filter Include="src\Game\GameWorld\Base\CollisionBase">
      <UniqueIdentifier>{8e0c80ca-405a-4ee6-b18a-139085b51f98}</UniqueIdentifier>
    </Filter>
    <Filter Include="src\Game\GameWorld\Base\ObjectBase\Object\Bridge">
      <UniqueIdentifier>{3b80594f-d0f6-4bcb-ab59-0f325f9437a4}</UniqueIdentifier>
    </Filter>
  </ItemGroup>
  <ItemGroup>
    <ClCompile Include="src\Shader\ShaderManager.cpp">
      <Filter>src\Shader</Filter>
    </ClCompile>
    <ClCompile Include="src\Input\CInput.cpp">
      <Filter>src\Input</Filter>
    </ClCompile>
    <ClCompile Include="src\main.cpp">
      <Filter>src</Filter>
    </ClCompile>
    <ClCompile Include="src\Pch.cpp">
      <Filter>src</Filter>
    </ClCompile>
    <ClCompile Include="src\Shader\SampleShader.cpp">
      <Filter>src\Shader</Filter>
    </ClCompile>
    <ClCompile Include="src\Shader\SpriteShader.cpp">
      <Filter>src\Shader</Filter>
    </ClCompile>
    <ClCompile Include="src\GameResource\GameResource.cpp">
      <Filter>src\GameResource</Filter>
    </ClCompile>
    <ClCompile Include="src\Shader\EasyShader.cpp">
      <Filter>src\Shader</Filter>
    </ClCompile>
    <ClCompile Include="src\Shader\LightManager.cpp">
      <Filter>src\Shader</Filter>
    </ClCompile>
    <ClCompile Include="..\Lib\YskLib\YsPolygon.cpp">
      <Filter>Lib\YskLib\Graphic\Model</Filter>
    </ClCompile>
    <ClCompile Include="..\Lib\YskLib\YsSingleModel.cpp">
      <Filter>Lib\YskLib\Graphic\Model\Mesh</Filter>
    </ClCompile>
    <ClCompile Include="..\Lib\YskLib\YsModelObject.cpp">
      <Filter>Lib\YskLib\Graphic\Model\Mesh</Filter>
    </ClCompile>
    <ClCompile Include="..\Lib\YskLib\YsGameModel.cpp">
      <Filter>Lib\YskLib\Graphic\Model\Mesh</Filter>
    </ClCompile>
    <ClCompile Include="..\Lib\YskLib\YsBillBoard.cpp">
      <Filter>Lib\YskLib\Graphic\Model</Filter>
    </ClCompile>
    <ClCompile Include="..\Lib\YskLib\YsLaser.cpp">
      <Filter>Lib\YskLib\Graphic\Model</Filter>
    </ClCompile>
    <ClCompile Include="..\Lib\YskLib\YsGeometryShader.cpp">
      <Filter>Lib\YskLib\Shader</Filter>
    </ClCompile>
    <ClCompile Include="..\Lib\YskLib\YsVertexShader.cpp">
      <Filter>Lib\YskLib\Shader</Filter>
    </ClCompile>
    <ClCompile Include="..\Lib\YskLib\YsPixelShader.cpp">
      <Filter>Lib\YskLib\Shader</Filter>
    </ClCompile>
    <ClCompile Include="..\Lib\YskLib\YsSprite.cpp">
      <Filter>Lib\YskLib\Graphic</Filter>
    </ClCompile>
    <ClCompile Include="..\Lib\YskLib\YsTexture.cpp">
      <Filter>Lib\YskLib\Graphic</Filter>
    </ClCompile>
    <ClCompile Include="..\Lib\YskLib\YsStates.cpp">
      <Filter>Lib\YskLib\Graphic</Filter>
    </ClCompile>
    <ClCompile Include="..\Lib\YskLib\YsResourceStorage.cpp">
      <Filter>Lib\YskLib\ResourceManage</Filter>
    </ClCompile>
    <ClCompile Include="..\Lib\YskLib\YsDebugWnd.cpp">
      <Filter>Lib\YskLib\Debug</Filter>
    </ClCompile>
    <ClCompile Include="..\Lib\YskLib\YsBulletPhysicsEngine.cpp">
      <Filter>Lib\YskLib\Physics</Filter>
    </ClCompile>
    <ClCompile Include="..\Lib\YskLib\YsSound.cpp">
      <Filter>Lib\YskLib\Sound</Filter>
    </ClCompile>
    <ClCompile Include="..\Lib\YskLib\YsMatrix.cpp">
      <Filter>Lib\YskLib\Math</Filter>
    </ClCompile>
    <ClCompile Include="..\Lib\YskLib\YsVec3.cpp">
      <Filter>Lib\YskLib\Math</Filter>
    </ClCompile>
    <ClCompile Include="..\Lib\YskLib\YsVec2.cpp">
      <Filter>Lib\YskLib\Math</Filter>
    </ClCompile>
    <ClCompile Include="..\Lib\YskLib\YsQuat.cpp">
      <Filter>Lib\YskLib\Math</Filter>
    </ClCompile>
    <ClCompile Include="..\Lib\YskLib\YsDirectXGraphics.cpp">
      <Filter>Lib\YskLib\Graphic</Filter>
    </ClCompile>
    <ClCompile Include="..\Lib\YskLib\YsVec4.cpp">
      <Filter>Lib\YskLib\Math</Filter>
    </ClCompile>
    <ClCompile Include="..\Lib\YskLib\YsMesh.cpp">
      <Filter>Lib\YskLib\Graphic\Model\Mesh</Filter>
    </ClCompile>
    <ClCompile Include="..\Lib\YskLib\YsKeyframeAnimation.cpp">
      <Filter>Lib\YskLib\Animation</Filter>
    </ClCompile>
    <ClCompile Include="..\Lib\YskLib\YsUVAnimation.cpp">
      <Filter>Lib\YskLib\Animation</Filter>
    </ClCompile>
    <ClCompile Include="..\Lib\YskLib\YsMTRand.cpp">
      <Filter>Lib\YskLib\Utility</Filter>
    </ClCompile>
    <ClCompile Include="..\Lib\YskLib\YsCollision.cpp">
      <Filter>Lib\YskLib\Collision</Filter>
    </ClCompile>
    <ClCompile Include="..\Lib\YskLib\YsHelper.cpp">
      <Filter>Lib\YskLib\Utility</Filter>
    </ClCompile>
    <ClCompile Include="..\Lib\YskLib\YsCsv.cpp">
      <Filter>Lib\YskLib\Utility</Filter>
    </ClCompile>
    <ClCompile Include="..\Lib\YskLib\YsXEDLoader.cpp">
      <Filter>Lib\YskLib\Graphic\Model\Mesh\Loader</Filter>
    </ClCompile>
    <ClCompile Include="..\Lib\YskLib\YsXFileLoader.cpp">
      <Filter>Lib\YskLib\Graphic\Model\Mesh\Loader</Filter>
    </ClCompile>
    <ClCompile Include="..\Lib\YskLib\YsCamera.cpp">
      <Filter>Lib\YskLib\Utility</Filter>
    </ClCompile>
    <ClCompile Include="..\Lib\YskLib\YsBullet_RigidBody.cpp">
      <Filter>Lib\YskLib\Physics</Filter>
    </ClCompile>
    <ClCompile Include="..\Lib\YskLib\YsBullet_Shape.cpp">
      <Filter>Lib\YskLib\Physics</Filter>
    </ClCompile>
    <ClCompile Include="..\Lib\YskLib\YsBullet_Joint.cpp">
      <Filter>Lib\YskLib\Physics</Filter>
    </ClCompile>
    <ClCompile Include="src\Data\DataManager.cpp">
      <Filter>src\Data</Filter>
    </ClCompile>
    <ClCompile Include="src\Game\GameWorld\GameWorld.cpp">
      <Filter>src\Game\GameWorld</Filter>
    </ClCompile>
    <ClCompile Include="src\Game\Scene\Scene.cpp">
      <Filter>src\Game\Scene</Filter>
    </ClCompile>
    <ClCompile Include="src\Game\Scene\SampleScene\SampleScene.cpp">
      <Filter>src\Game\Scene\SampleScene</Filter>
    </ClCompile>
    <ClCompile Include="src\Game\Scene\SampleScene\Sample_Data.cpp">
      <Filter>src\Game\Scene\SampleScene</Filter>
    </ClCompile>
    <ClCompile Include="src\Game\Scene\GameScene\GameScene.cpp">
      <Filter>src\Game\Scene\GameScene</Filter>
    </ClCompile>
    <ClCompile Include="src\Game\Scene\TitleScene\TitleScene.cpp">
      <Filter>src\Game\Scene\TitleScene</Filter>
    </ClCompile>
    <ClCompile Include="src\Game\Task\TaskManager.cpp">
      <Filter>src\Game\Task</Filter>
    </ClCompile>
    <ClCompile Include="src\Game\GameCamera.cpp">
      <Filter>src\Game</Filter>
    </ClCompile>
    <ClCompile Include="src\Game\GameWorld\Base\ObjectBase.cpp">
      <Filter>src\Game\GameWorld\Base\ObjectBase</Filter>
    </ClCompile>
    <ClCompile Include="src\Game\GameWorld\Character\Player.cpp">
      <Filter>src\Game\GameWorld\Base\ObjectBase\Character\Player</Filter>
    </ClCompile>
    <ClCompile Include="src\Game\GameWorld\Object\Ground.cpp">
      <Filter>src\Game\GameWorld\Base\ObjectBase\Object\Ground</Filter>
    </ClCompile>
    <ClCompile Include="src\Game\GameWorld\Object\BeltConveyor.cpp">
      <Filter>src\Game\GameWorld\Base\ObjectBase\Object\BeltConveyor</Filter>
    </ClCompile>
    <ClCompile Include="src\Game\GameWorld\Object\Arm.cpp">
      <Filter>src\Game\GameWorld\Base\ObjectBase\Object\Arm</Filter>
    </ClCompile>
    <ClCompile Include="src\Game\GameWorld\Object\Cannon.cpp">
      <Filter>src\Game\GameWorld\Base\ObjectBase\Object\Cannon</Filter>
    </ClCompile>
    <ClCompile Include="src\Game\GameWorld\Object\Flamethrower.cpp">
      <Filter>src\Game\GameWorld\Base\ObjectBase\Object\Flamethrower</Filter>
    </ClCompile>
    <ClCompile Include="src\Game\GameWorld\Object\Press.cpp">
      <Filter>src\Game\GameWorld\Base\ObjectBase\Object\Press</Filter>
    </ClCompile>
    <ClCompile Include="src\Game\GameWorld\Object\Sling.cpp">
      <Filter>src\Game\GameWorld\Base\ObjectBase\Object\Sling</Filter>
    </ClCompile>
    <ClCompile Include="src\Game\GameWorld\Object\Stronghold.cpp">
      <Filter>src\Game\GameWorld\Base\ObjectBase\Object\Stronghold</Filter>
    </ClCompile>
    <ClCompile Include="src\Game\GameWorld\Object\Wall.cpp">
      <Filter>src\Game\GameWorld\Base\ObjectBase\Object\Wall</Filter>
    </ClCompile>
    <ClCompile Include="src\Game\Edit\EditWorld.cpp">
      <Filter>src\Game\Edit</Filter>
    </ClCompile>
    <ClCompile Include="src\Game\GameWorld\Base\CollisionBase.cpp">
      <Filter>src\Game\GameWorld\Base\CollisionBase</Filter>
    </ClCompile>
    <ClCompile Include="src\Game\GameWorld\Object\Bridge.cpp">
      <Filter>src\Game\GameWorld\Base\ObjectBase\Object\Bridge</Filter>
    </ClCompile>
  </ItemGroup>
  <ItemGroup>
    <ClInclude Include="..\Lib\YskLib\YskLib.h">
      <Filter>Lib\YskLib</Filter>
    </ClInclude>
    <ClInclude Include="src\Shader\ShaderManager.h">
      <Filter>src\Shader</Filter>
    </ClInclude>
    <ClInclude Include="src\Input\CInput.h">
      <Filter>src\Input</Filter>
    </ClInclude>
    <ClInclude Include="src\main.h">
      <Filter>src</Filter>
    </ClInclude>
    <ClInclude Include="src\Pch.h">
      <Filter>src</Filter>
    </ClInclude>
    <ClInclude Include="src\Shader\SampleShader.h">
      <Filter>src\Shader</Filter>
    </ClInclude>
    <ClInclude Include="src\Shader\SpriteShader.h">
      <Filter>src\Shader</Filter>
    </ClInclude>
    <ClInclude Include="src\GameResource\GameResource.h">
      <Filter>src\GameResource</Filter>
    </ClInclude>
    <ClInclude Include="src\Shader\EasyShader.h">
      <Filter>src\Shader</Filter>
    </ClInclude>
    <ClInclude Include="src\Shader\LightManager.h">
      <Filter>src\Shader</Filter>
    </ClInclude>
    <ClInclude Include="..\Lib\YskLib\YsPolygon.h">
      <Filter>Lib\YskLib\Graphic\Model</Filter>
    </ClInclude>
    <ClInclude Include="..\Lib\YskLib\YsSingleModel.h">
      <Filter>Lib\YskLib\Graphic\Model\Mesh</Filter>
    </ClInclude>
    <ClInclude Include="..\Lib\YskLib\YsModelObject.h">
      <Filter>Lib\YskLib\Graphic\Model\Mesh</Filter>
    </ClInclude>
    <ClInclude Include="..\Lib\YskLib\YsGameModel.h">
      <Filter>Lib\YskLib\Graphic\Model\Mesh</Filter>
    </ClInclude>
    <ClInclude Include="..\Lib\YskLib\YsBillBoard.h">
      <Filter>Lib\YskLib\Graphic\Model</Filter>
    </ClInclude>
    <ClInclude Include="..\Lib\YskLib\YsLaser.h">
      <Filter>Lib\YskLib\Graphic\Model</Filter>
    </ClInclude>
    <ClInclude Include="..\Lib\YskLib\YsVertexType.h">
      <Filter>Lib\YskLib\Graphic\Model</Filter>
    </ClInclude>
    <ClInclude Include="..\Lib\YskLib\YsConstantBuffer.h">
      <Filter>Lib\YskLib\Shader</Filter>
    </ClInclude>
    <ClInclude Include="..\Lib\YskLib\YsGeometryShader.h">
      <Filter>Lib\YskLib\Shader</Filter>
    </ClInclude>
    <ClInclude Include="..\Lib\YskLib\YsVertexShader.h">
      <Filter>Lib\YskLib\Shader</Filter>
    </ClInclude>
    <ClInclude Include="..\Lib\YskLib\YsPixelShader.h">
      <Filter>Lib\YskLib\Shader</Filter>
    </ClInclude>
    <ClInclude Include="..\Lib\YskLib\YsSprite.h">
      <Filter>Lib\YskLib\Graphic</Filter>
    </ClInclude>
    <ClInclude Include="..\Lib\YskLib\YsTexture.h">
      <Filter>Lib\YskLib\Graphic</Filter>
    </ClInclude>
    <ClInclude Include="..\Lib\YskLib\YsStates.h">
      <Filter>Lib\YskLib\Graphic</Filter>
    </ClInclude>
    <ClInclude Include="..\Lib\YskLib\YsResourceStorage.h">
      <Filter>Lib\YskLib\ResourceManage</Filter>
    </ClInclude>
    <ClInclude Include="..\Lib\YskLib\YsDataStorage.h">
      <Filter>Lib\YskLib\ResourceManage</Filter>
    </ClInclude>
    <ClInclude Include="..\Lib\YskLib\YsDebugWnd.h">
      <Filter>Lib\YskLib\Debug</Filter>
    </ClInclude>
    <ClInclude Include="..\Lib\YskLib\YsBulletPhysicsEngine.h">
      <Filter>Lib\YskLib\Physics</Filter>
    </ClInclude>
    <ClInclude Include="..\Lib\YskLib\YsSound.h">
      <Filter>Lib\YskLib\Sound</Filter>
    </ClInclude>
    <ClInclude Include="..\Lib\YskLib\YsMatrix.h">
      <Filter>Lib\YskLib\Math</Filter>
    </ClInclude>
    <ClInclude Include="..\Lib\YskLib\YsVec3.h">
      <Filter>Lib\YskLib\Math</Filter>
    </ClInclude>
    <ClInclude Include="..\Lib\YskLib\YsVec2.h">
      <Filter>Lib\YskLib\Math</Filter>
    </ClInclude>
    <ClInclude Include="..\Lib\YskLib\YsVec4.h">
      <Filter>Lib\YskLib\Math</Filter>
    </ClInclude>
    <ClInclude Include="..\Lib\YskLib\YsQuat.h">
      <Filter>Lib\YskLib\Math</Filter>
    </ClInclude>
    <ClInclude Include="..\Lib\YskLib\YsDirectXGraphics.h">
      <Filter>Lib\YskLib\Graphic</Filter>
    </ClInclude>
    <ClInclude Include="..\Lib\YskLib\YsMesh.h">
      <Filter>Lib\YskLib\Graphic\Model\Mesh</Filter>
    </ClInclude>
    <ClInclude Include="..\Lib\YskLib\YsDataStorage.inl">
      <Filter>Lib\YskLib\ResourceManage</Filter>
    </ClInclude>
    <ClInclude Include="..\Lib\YskLib\YsKeyframeAnimation.h">
      <Filter>Lib\YskLib\Animation</Filter>
    </ClInclude>
    <ClInclude Include="..\Lib\YskLib\YsUVAnimation.h">
      <Filter>Lib\YskLib\Animation</Filter>
    </ClInclude>
    <ClInclude Include="..\Lib\YskLib\YsFpsControl.h">
      <Filter>Lib\YskLib\Utility</Filter>
    </ClInclude>
    <ClInclude Include="..\Lib\YskLib\YsLocking.h">
      <Filter>Lib\YskLib\Utility</Filter>
    </ClInclude>
    <ClInclude Include="..\Lib\YskLib\YsMTRand.h">
      <Filter>Lib\YskLib\Utility</Filter>
    </ClInclude>
    <ClInclude Include="..\Lib\YskLib\YsCollision.h">
      <Filter>Lib\YskLib\Collision</Filter>
    </ClInclude>
    <ClInclude Include="..\Lib\YskLib\YsHelper.h">
      <Filter>Lib\YskLib\Utility</Filter>
    </ClInclude>
    <ClInclude Include="..\Lib\YskLib\YsCsv.h">
      <Filter>Lib\YskLib\Utility</Filter>
    </ClInclude>
    <ClInclude Include="..\Lib\YskLib\YsXEDLoader.h">
      <Filter>Lib\YskLib\Graphic\Model\Mesh\Loader</Filter>
    </ClInclude>
    <ClInclude Include="..\Lib\YskLib\YsXFileLoader.h">
      <Filter>Lib\YskLib\Graphic\Model\Mesh\Loader</Filter>
    </ClInclude>
    <ClInclude Include="..\Lib\YskLib\YsCamera.h">
      <Filter>Lib\YskLib\Utility</Filter>
    </ClInclude>
    <ClInclude Include="..\Lib\YskLib\YsBullet_Shape.h">
      <Filter>Lib\YskLib\Physics</Filter>
    </ClInclude>
    <ClInclude Include="..\Lib\YskLib\YsBullet_RigidBody.h">
      <Filter>Lib\YskLib\Physics</Filter>
    </ClInclude>
    <ClInclude Include="..\Lib\YskLib\YsBullet_Joint.h">
      <Filter>Lib\YskLib\Physics</Filter>
    </ClInclude>
    <ClInclude Include="src\Data\DataManager.h">
      <Filter>src\Data</Filter>
    </ClInclude>
    <ClInclude Include="src\Game\GameWorld\GameWorld.h">
      <Filter>src\Game\GameWorld</Filter>
    </ClInclude>
    <ClInclude Include="src\Game\Scene\Scene.h">
      <Filter>src\Game\Scene</Filter>
    </ClInclude>
    <ClInclude Include="src\Game\Scene\SampleScene\Sample_Data.h">
      <Filter>src\Game\Scene\SampleScene</Filter>
    </ClInclude>
    <ClInclude Include="src\Game\Scene\SampleScene\SampleScene.h">
      <Filter>src\Game\Scene\SampleScene</Filter>
    </ClInclude>
    <ClInclude Include="src\Game\Scene\GameScene\GameScene.h">
      <Filter>src\Game\Scene\GameScene</Filter>
    </ClInclude>
    <ClInclude Include="src\Game\Scene\TitleScene\TitleScene.h">
      <Filter>src\Game\Scene\TitleScene</Filter>
    </ClInclude>
    <ClInclude Include="src\Game\Task\TaskManager.h">
      <Filter>src\Game\Task</Filter>
    </ClInclude>
    <ClInclude Include="src\Game\GameCamera.h">
      <Filter>src\Game</Filter>
    </ClInclude>
    <ClInclude Include="src\Game\GameWorld\Base\ObjectBase.h">
      <Filter>src\Game\GameWorld\Base\ObjectBase</Filter>
    </ClInclude>
    <ClInclude Include="src\Game\GameWorld\Character\Player.h">
      <Filter>src\Game\GameWorld\Base\ObjectBase\Character\Player</Filter>
    </ClInclude>
    <ClInclude Include="src\Game\GameWorld\Object\Ground.h">
      <Filter>src\Game\GameWorld\Base\ObjectBase\Object\Ground</Filter>
    </ClInclude>
    <ClInclude Include="src\Game\GameWorld\Object\BeltConveyor.h">
      <Filter>src\Game\GameWorld\Base\ObjectBase\Object\BeltConveyor</Filter>
    </ClInclude>
    <ClInclude Include="src\Game\GameWorld\Object\Arm.h">
      <Filter>src\Game\GameWorld\Base\ObjectBase\Object\Arm</Filter>
    </ClInclude>
    <ClInclude Include="src\Game\GameWorld\Object\Cannon.h">
      <Filter>src\Game\GameWorld\Base\ObjectBase\Object\Cannon</Filter>
    </ClInclude>
    <ClInclude Include="src\Game\GameWorld\Object\Flamethrower.h">
      <Filter>src\Game\GameWorld\Base\ObjectBase\Object\Flamethrower</Filter>
    </ClInclude>
    <ClInclude Include="src\Game\GameWorld\Object\Press.h">
      <Filter>src\Game\GameWorld\Base\ObjectBase\Object\Press</Filter>
    </ClInclude>
    <ClInclude Include="src\Game\GameWorld\Object\Sling.h">
      <Filter>src\Game\GameWorld\Base\ObjectBase\Object\Sling</Filter>
    </ClInclude>
    <ClInclude Include="src\Game\GameWorld\Object\Stronghold.h">
      <Filter>src\Game\GameWorld\Base\ObjectBase\Object\Stronghold</Filter>
    </ClInclude>
    <ClInclude Include="src\Game\GameWorld\Object\Wall.h">
      <Filter>src\Game\GameWorld\Base\ObjectBase\Object\Wall</Filter>
    </ClInclude>
    <ClInclude Include="src\Game\Edit\EditWorld.h">
      <Filter>src\Game\Edit</Filter>
    </ClInclude>
    <ClInclude Include="src\Game\GameWorld\Base\CollisionBase.h">
      <Filter>src\Game\GameWorld\Base\CollisionBase</Filter>
    </ClInclude>
    <ClInclude Include="src\Game\GameWorld\Object\Bridge.h">
      <Filter>src\Game\GameWorld\Base\ObjectBase\Object\Bridge</Filter>
    </ClInclude>
    <ClInclude Include="src\Game\GameWorld\GameKey.h">
      <Filter>src\Game\GameWorld</Filter>
    </ClInclude>
    <ClInclude Include="src\Game\GameWorld\Include.h">
      <Filter>src\Game\GameWorld</Filter>
    </ClInclude>
    <ClInclude Include="src\Data\FilePath.h">
      <Filter>src\Data</Filter>
    </ClInclude>
    <ClInclude Include="src\Game\GameWorld\Helper.h">
      <Filter>src\Game\GameWorld</Filter>
    </ClInclude>
  </ItemGroup>
  <ItemGroup>
    <None Include="Shader\Sample\Common.hlsl">
      <Filter>Shader\Sample</Filter>
    </None>
    <None Include="..\Lib\YskLib\YsConstantBuffer.inl">
      <Filter>Lib\YskLib\Shader</Filter>
    </None>
    <None Include="Shader\Sample\Outline.hlsl">
      <Filter>Shader\Sample</Filter>
    </None>
    <None Include="Shader\Easy.hlsl">
      <Filter>Shader</Filter>
    </None>
    <None Include="Shader\Sprite.hlsl">
      <Filter>Shader</Filter>
    </None>
    <None Include="Shader\Sample\Effect.hlsl">
      <Filter>Shader\Sample</Filter>
    </None>
    <None Include="Shader\Sample\Model.hlsl">
      <Filter>Shader\Sample</Filter>
    </None>
  </ItemGroup>
  <ItemGroup>
    <Text Include="Shader\Sample\_説明.txt">
      <Filter>Shader\Sample</Filter>
    </Text>
  </ItemGroup>
</Project>